// !$*UTF8*$!
{
	archiveVersion = 1;
	classes = {
	};
	objectVersion = 77;
	objects = {

/* Begin PBXContainerItemProxy section */
		4315A3EF2CF18A1900C68DFA /* PBXContainerItemProxy */ = {
			isa = PBXContainerItemProxy;
			containerPortal = 4315A3D02CF18A1800C68DFA /* Project object */;
			proxyType = 1;
			remoteGlobalIDString = 4315A3D72CF18A1800C68DFA;
			remoteInfo = 2210992175_test2;
		};
		4315A3F92CF18A1900C68DFA /* PBXContainerItemProxy */ = {
			isa = PBXContainerItemProxy;
			containerPortal = 4315A3D02CF18A1800C68DFA /* Project object */;
			proxyType = 1;
			remoteGlobalIDString = 4315A3D72CF18A1800C68DFA;
			remoteInfo = 2210992175_test2;
		};
/* End PBXContainerItemProxy section */

/* Begin PBXFileReference section */
		4315A3D82CF18A1800C68DFA /* 2210992175_test2.app */ = {isa = PBXFileReference; explicitFileType = wrapper.application; includeInIndex = 0; path = 2210992175_test2.app; sourceTree = BUILT_PRODUCTS_DIR; };
		4315A3EE2CF18A1900C68DFA /* 2210992175_test2Tests.xctest */ = {isa = PBXFileReference; explicitFileType = wrapper.cfbundle; includeInIndex = 0; path = 2210992175_test2Tests.xctest; sourceTree = BUILT_PRODUCTS_DIR; };
		4315A3F82CF18A1900C68DFA /* 2210992175_test2UITests.xctest */ = {isa = PBXFileReference; explicitFileType = wrapper.cfbundle; includeInIndex = 0; path = 2210992175_test2UITests.xctest; sourceTree = BUILT_PRODUCTS_DIR; };
/* End PBXFileReference section */

/* Begin PBXFileSystemSynchronizedBuildFileExceptionSet section */
		4315A4002CF18A1900C68DFA /* Exceptions for "2210992175_test2" folder in "2210992175_test2" target */ = {
			isa = PBXFileSystemSynchronizedBuildFileExceptionSet;
			membershipExceptions = (
				Info.plist,
			);
			target = 4315A3D72CF18A1800C68DFA /* 2210992175_test2 */;
		};
/* End PBXFileSystemSynchronizedBuildFileExceptionSet section */

/* Begin PBXFileSystemSynchronizedRootGroup section */
		4315A3DA2CF18A1800C68DFA /* 2210992175_test2 */ = {
			isa = PBXFileSystemSynchronizedRootGroup;
			exceptions = (
				4315A4002CF18A1900C68DFA /* Exceptions for "2210992175_test2" folder in "2210992175_test2" target */,
			);
			path = 2210992175_test2;
			sourceTree = "<group>";
		};
		4315A3F12CF18A1900C68DFA /* 2210992175_test2Tests */ = {
			isa = PBXFileSystemSynchronizedRootGroup;
			path = 2210992175_test2Tests;
			sourceTree = "<group>";
		};
		4315A3FB2CF18A1900C68DFA /* 2210992175_test2UITests */ = {
			isa = PBXFileSystemSynchronizedRootGroup;
			path = 2210992175_test2UITests;
			sourceTree = "<group>";
		};
/* End PBXFileSystemSynchronizedRootGroup section */

/* Begin PBXFrameworksBuildPhase section */
		4315A3D52CF18A1800C68DFA /* Frameworks */ = {
			isa = PBXFrameworksBuildPhase;
			buildActionMask = 2147483647;
			files = (
			);
			runOnlyForDeploymentPostprocessing = 0;
		};
		4315A3EB2CF18A1900C68DFA /* Frameworks */ = {
			isa = PBXFrameworksBuildPhase;
			buildActionMask = 2147483647;
			files = (
			);
			runOnlyForDeploymentPostprocessing = 0;
		};
		4315A3F52CF18A1900C68DFA /* Frameworks */ = {
			isa = PBXFrameworksBuildPhase;
			buildActionMask = 2147483647;
			files = (
			);
			runOnlyForDeploymentPostprocessing = 0;
		};
/* End PBXFrameworksBuildPhase section */

/* Begin PBXGroup section */
		4315A3CF2CF18A1800C68DFA = {
			isa = PBXGroup;
			children = (
				4315A3DA2CF18A1800C68DFA /* 2210992175_test2 */,
				4315A3F12CF18A1900C68DFA /* 2210992175_test2Tests */,
				4315A3FB2CF18A1900C68DFA /* 2210992175_test2UITests */,
				4315A3D92CF18A1800C68DFA /* Products */,
			);
			sourceTree = "<group>";
		};
		4315A3D92CF18A1800C68DFA /* Products */ = {
			isa = PBXGroup;
			children = (
				4315A3D82CF18A1800C68DFA /* 2210992175_test2.app */,
				4315A3EE2CF18A1900C68DFA /* 2210992175_test2Tests.xctest */,
				4315A3F82CF18A1900C68DFA /* 2210992175_test2UITests.xctest */,
			);
			name = Products;
			sourceTree = "<group>";
		};
/* End PBXGroup section */

/* Begin PBXNativeTarget section */
		4315A3D72CF18A1800C68DFA /* 2210992175_test2 */ = {
			isa = PBXNativeTarget;
			buildConfigurationList = 4315A4012CF18A1900C68DFA /* Build configuration list for PBXNativeTarget "2210992175_test2" */;
			buildPhases = (
				4315A3D42CF18A1800C68DFA /* Sources */,
				4315A3D52CF18A1800C68DFA /* Frameworks */,
				4315A3D62CF18A1800C68DFA /* Resources */,
			);
			buildRules = (
			);
			dependencies = (
			);
			fileSystemSynchronizedGroups = (
				4315A3DA2CF18A1800C68DFA /* 2210992175_test2 */,
			);
			name = 2210992175_test2;
			packageProductDependencies = (
			);
			productName = 2210992175_test2;
			productReference = 4315A3D82CF18A1800C68DFA /* 2210992175_test2.app */;
			productType = "com.apple.product-type.application";
		};
		4315A3ED2CF18A1900C68DFA /* 2210992175_test2Tests */ = {
			isa = PBXNativeTarget;
			buildConfigurationList = 4315A4062CF18A1900C68DFA /* Build configuration list for PBXNativeTarget "2210992175_test2Tests" */;
			buildPhases = (
				4315A3EA2CF18A1900C68DFA /* Sources */,
				4315A3EB2CF18A1900C68DFA /* Frameworks */,
				4315A3EC2CF18A1900C68DFA /* Resources */,
			);
			buildRules = (
			);
			dependencies = (
				4315A3F02CF18A1900C68DFA /* PBXTargetDependency */,
			);
			fileSystemSynchronizedGroups = (
				4315A3F12CF18A1900C68DFA /* 2210992175_test2Tests */,
			);
			name = 2210992175_test2Tests;
			packageProductDependencies = (
			);
			productName = 2210992175_test2Tests;
			productReference = 4315A3EE2CF18A1900C68DFA /* 2210992175_test2Tests.xctest */;
			productType = "com.apple.product-type.bundle.unit-test";
		};
		4315A3F72CF18A1900C68DFA /* 2210992175_test2UITests */ = {
			isa = PBXNativeTarget;
			buildConfigurationList = 4315A4092CF18A1900C68DFA /* Build configuration list for PBXNativeTarget "2210992175_test2UITests" */;
			buildPhases = (
				4315A3F42CF18A1900C68DFA /* Sources */,
				4315A3F52CF18A1900C68DFA /* Frameworks */,
				4315A3F62CF18A1900C68DFA /* Resources */,
			);
			buildRules = (
			);
			dependencies = (
				4315A3FA2CF18A1900C68DFA /* PBXTargetDependency */,
			);
			fileSystemSynchronizedGroups = (
				4315A3FB2CF18A1900C68DFA /* 2210992175_test2UITests */,
			);
			name = 2210992175_test2UITests;
			packageProductDependencies = (
			);
			productName = 2210992175_test2UITests;
			productReference = 4315A3F82CF18A1900C68DFA /* 2210992175_test2UITests.xctest */;
			productType = "com.apple.product-type.bundle.ui-testing";
		};
/* End PBXNativeTarget section */

/* Begin PBXProject section */
		4315A3D02CF18A1800C68DFA /* Project object */ = {
			isa = PBXProject;
			attributes = {
				BuildIndependentTargetsInParallel = 1;
				LastSwiftUpdateCheck = 1600;
				LastUpgradeCheck = 1600;
				TargetAttributes = {
					4315A3D72CF18A1800C68DFA = {
						CreatedOnToolsVersion = 16.0;
					};
					4315A3ED2CF18A1900C68DFA = {
						CreatedOnToolsVersion = 16.0;
						TestTargetID = 4315A3D72CF18A1800C68DFA;
					};
					4315A3F72CF18A1900C68DFA = {
						CreatedOnToolsVersion = 16.0;
						TestTargetID = 4315A3D72CF18A1800C68DFA;
					};
				};
			};
			buildConfigurationList = 4315A3D32CF18A1800C68DFA /* Build configuration list for PBXProject "2210992175_test2" */;
			developmentRegion = en;
			hasScannedForEncodings = 0;
			knownRegions = (
				en,
				Base,
			);
			mainGroup = 4315A3CF2CF18A1800C68DFA;
			minimizedProjectReferenceProxies = 1;
			preferredProjectObjectVersion = 77;
			productRefGroup = 4315A3D92CF18A1800C68DFA /* Products */;
			projectDirPath = "";
			projectRoot = "";
			targets = (
				4315A3D72CF18A1800C68DFA /* 2210992175_test2 */,
				4315A3ED2CF18A1900C68DFA /* 2210992175_test2Tests */,
				4315A3F72CF18A1900C68DFA /* 2210992175_test2UITests */,
			);
		};
/* End PBXProject section */

/* Begin PBXResourcesBuildPhase section */
		4315A3D62CF18A1800C68DFA /* Resources */ = {
			isa = PBXResourcesBuildPhase;
			buildActionMask = 2147483647;
			files = (
			);
			runOnlyForDeploymentPostprocessing = 0;
		};
		4315A3EC2CF18A1900C68DFA /* Resources */ = {
			isa = PBXResourcesBuildPhase;
			buildActionMask = 2147483647;
			files = (
			);
			runOnlyForDeploymentPostprocessing = 0;
		};
		4315A3F62CF18A1900C68DFA /* Resources */ = {
			isa = PBXResourcesBuildPhase;
			buildActionMask = 2147483647;
			files = (
			);
			runOnlyForDeploymentPostprocessing = 0;
		};
/* End PBXResourcesBuildPhase section */

/* Begin PBXSourcesBuildPhase section */
		4315A3D42CF18A1800C68DFA /* Sources */ = {
			isa = PBXSourcesBuildPhase;
			buildActionMask = 2147483647;
			files = (
			);
			runOnlyForDeploymentPostprocessing = 0;
		};
		4315A3EA2CF18A1900C68DFA /* Sources */ = {
			isa = PBXSourcesBuildPhase;
			buildActionMask = 2147483647;
			files = (
			);
			runOnlyForDeploymentPostprocessing = 0;
		};
		4315A3F42CF18A1900C68DFA /* Sources */ = {
			isa = PBXSourcesBuildPhase;
			buildActionMask = 2147483647;
			files = (
			);
			runOnlyForDeploymentPostprocessing = 0;
		};
/* End PBXSourcesBuildPhase section */

/* Begin PBXTargetDependency section */
		4315A3F02CF18A1900C68DFA /* PBXTargetDependency */ = {
			isa = PBXTargetDependency;
			target = 4315A3D72CF18A1800C68DFA /* 2210992175_test2 */;
			targetProxy = 4315A3EF2CF18A1900C68DFA /* PBXContainerItemProxy */;
		};
		4315A3FA2CF18A1900C68DFA /* PBXTargetDependency */ = {
			isa = PBXTargetDependency;
			target = 4315A3D72CF18A1800C68DFA /* 2210992175_test2 */;
			targetProxy = 4315A3F92CF18A1900C68DFA /* PBXContainerItemProxy */;
		};
/* End PBXTargetDependency section */

/* Begin XCBuildConfiguration section */
		4315A4022CF18A1900C68DFA /* Debug */ = {
			isa = XCBuildConfiguration;
			buildSettings = {
				ASSETCATALOG_COMPILER_APPICON_NAME = AppIcon;
				ASSETCATALOG_COMPILER_GLOBAL_ACCENT_COLOR_NAME = AccentColor;
				CODE_SIGN_STYLE = Automatic;
				CURRENT_PROJECT_VERSION = 1;
				DEVELOPMENT_TEAM = MKPVJ7T45N;
				GENERATE_INFOPLIST_FILE = YES;
				INFOPLIST_FILE = 2210992175_test2/Info.plist;
				INFOPLIST_KEY_UIApplicationSupportsIndirectInputEvents = YES;
				INFOPLIST_KEY_UILaunchStoryboardName = LaunchScreen;
				INFOPLIST_KEY_UIMainStoryboardFile = Main;
				INFOPLIST_KEY_UISupportedInterfaceOrientations_iPad = "UIInterfaceOrientationPortrait UIInterfaceOrientationPortraitUpsideDown UIInterfaceOrientationLandscapeLeft UIInterfaceOrientationLandscapeRight";
				INFOPLIST_KEY_UISupportedInterfaceOrientations_iPhone = "UIInterfaceOrientationPortrait UIInterfaceOrientationLandscapeLeft UIInterfaceOrientationLandscapeRight";
				LD_RUNPATH_SEARCH_PATHS = (
					"$(inherited)",
					"@executable_path/Frameworks",
				);
				MARKETING_VERSION = 1.0;
				PRODUCT_BUNDLE_IDENTIFIER = "com.example.-210992175-test2";
				PRODUCT_NAME = "$(TARGET_NAME)";
				SWIFT_EMIT_LOC_STRINGS = YES;
				SWIFT_VERSION = 5.0;
				TARGETED_DEVICE_FAMILY = "1,2";
			};
			name = Debug;
		};
		4315A4032CF18A1900C68DFA /* Release */ = {
			isa = XCBuildConfiguration;
			buildSettings = {
				ASSETCATALOG_COMPILER_APPICON_NAME = AppIcon;
				ASSETCATALOG_COMPILER_GLOBAL_ACCENT_COLOR_NAME = AccentColor;
				CODE_SIGN_STYLE = Automatic;
				CURRENT_PROJECT_VERSION = 1;
				DEVELOPMENT_TEAM = MKPVJ7T45N;
				GENERATE_INFOPLIST_FILE = YES;
				INFOPLIST_FILE = 2210992175_test2/Info.plist;
				INFOPLIST_KEY_UIApplicationSupportsIndirectInputEvents = YES;
				INFOPLIST_KEY_UILaunchStoryboardName = LaunchScreen;
				INFOPLIST_KEY_UIMainStoryboardFile = Main;
				INFOPLIST_KEY_UISupportedInterfaceOrientations_iPad = "UIInterfaceOrientationPortrait UIInterfaceOrientationPortraitUpsideDown UIInterfaceOrientationLandscapeLeft UIInterfaceOrientationLandscapeRight";
				INFOPLIST_KEY_UISupportedInterfaceOrientations_iPhone = "UIInterfaceOrientationPortrait UIInterfaceOrientationLandscapeLeft UIInterfaceOrientationLandscapeRight";
				LD_RUNPATH_SEARCH_PATHS = (
					"$(inherited)",
					"@executable_path/Frameworks",
				);
				MARKETING_VERSION = 1.0;
				PRODUCT_BUNDLE_IDENTIFIER = "com.example.-210992175-test2";
				PRODUCT_NAME = "$(TARGET_NAME)";
				SWIFT_EMIT_LOC_STRINGS = YES;
				SWIFT_VERSION = 5.0;
				TARGETED_DEVICE_FAMILY = "1,2";
			};
			name = Release;
		};
		4315A4042CF18A1900C68DFA /* Debug */ = {
			isa = XCBuildConfiguration;
			buildSettings = {
				ALWAYS_SEARCH_USER_PATHS = NO;
				ASSETCATALOG_COMPILER_GENERATE_SWIFT_ASSET_SYMBOL_EXTENSIONS = YES;
				CLANG_ANALYZER_NONNULL = YES;
				CLANG_ANALYZER_NUMBER_OBJECT_CONVERSION = YES_AGGRESSIVE;
				CLANG_CXX_LANGUAGE_STANDARD = "gnu++20";
				CLANG_ENABLE_MODULES = YES;
				CLANG_ENABLE_OBJC_ARC = YES;
				CLANG_ENABLE_OBJC_WEAK = YES;
				CLANG_WARN_BLOCK_CAPTURE_AUTORELEASING = YES;
				CLANG_WARN_BOOL_CONVERSION = YES;
				CLANG_WARN_COMMA = YES;
				CLANG_WARN_CONSTANT_CONVERSION = YES;
				CLANG_WARN_DEPRECATED_OBJC_IMPLEMENTATIONS = YES;
				CLANG_WARN_DIRECT_OBJC_ISA_USAGE = YES_ERROR;
				CLANG_WARN_DOCUMENTATION_COMMENTS = YES;
				CLANG_WARN_EMPTY_BODY = YES;
				CLANG_WARN_ENUM_CONVERSION = YES;
				CLANG_WARN_INFINITE_RECURSION = YES;
				CLANG_WARN_INT_CONVERSION = YES;
				CLANG_WARN_NON_LITERAL_NULL_CONVERSION = YES;
				CLANG_WARN_OBJC_IMPLICIT_RETAIN_SELF = YES;
				CLANG_WARN_OBJC_LITERAL_CONVERSION = YES;
				CLANG_WARN_OBJC_ROOT_CLASS = YES_ERROR;
				CLANG_WARN_QUOTED_INCLUDE_IN_FRAMEWORK_HEADER = YES;
				CLANG_WARN_RANGE_LOOP_ANALYSIS = YES;
				CLANG_WARN_STRICT_PROTOTYPES = YES;
				CLANG_WARN_SUSPICIOUS_MOVE = YES;
				CLANG_WARN_UNGUARDED_AVAILABILITY = YES_AGGRESSIVE;
				CLANG_WARN_UNREACHABLE_CODE = YES;
				CLANG_WARN__DUPLICATE_METHOD_MATCH = YES;
				COPY_PHASE_STRIP = NO;
				DEBUG_INFORMATION_FORMAT = dwarf;
				ENABLE_STRICT_OBJC_MSGSEND = YES;
				ENABLE_TESTABILITY = YES;
				ENABLE_USER_SCRIPT_SANDBOXING = YES;
				GCC_C_LANGUAGE_STANDARD = gnu17;
				GCC_DYNAMIC_NO_PIC = NO;
				GCC_NO_COMMON_BLOCKS = YES;
				GCC_OPTIMIZATION_LEVEL = 0;
				GCC_PREPROCESSOR_DEFINITIONS = (
					"DEBUG=1",
					"$(inherited)",
				);
				GCC_WARN_64_TO_32_BIT_CONVERSION = YES;
				GCC_WARN_ABOUT_RETURN_TYPE = YES_ERROR;
				GCC_WARN_UNDECLARED_SELECTOR = YES;
				GCC_WARN_UNINITIALIZED_AUTOS = YES_AGGRESSIVE;
				GCC_WARN_UNUSED_FUNCTION = YES;
				GCC_WARN_UNUSED_VARIABLE = YES;
				IPHONEOS_DEPLOYMENT_TARGET = 18.0;
				LOCALIZATION_PREFERS_STRING_CATALOGS = YES;
				MTL_ENABLE_DEBUG_INFO = INCLUDE_SOURCE;
				MTL_FAST_MATH = YES;
				ONLY_ACTIVE_ARCH = YES;
				SDKROOT = iphoneos;
				SWIFT_ACTIVE_COMPILATION_CONDITIONS = "DEBUG $(inherited)";
				SWIFT_OPTIMIZATION_LEVEL = "-Onone";
			};
			name = Debug;
		};
		4315A4052CF18A1900C68DFA /* Release */ = {
			isa = XCBuildConfiguration;
			buildSettings = {
				ALWAYS_SEARCH_USER_PATHS = NO;
				ASSETCATALOG_COMPILER_GENERATE_SWIFT_ASSET_SYMBOL_EXTENSIONS = YES;
				CLANG_ANALYZER_NONNULL = YES;
				CLANG_ANALYZER_NUMBER_OBJECT_CONVERSION = YES_AGGRESSIVE;
				CLANG_CXX_LANGUAGE_STANDARD = "gnu++20";
				CLANG_ENABLE_MODULES = YES;
				CLANG_ENABLE_OBJC_ARC = YES;
				CLANG_ENABLE_OBJC_WEAK = YES;
				CLANG_WARN_BLOCK_CAPTURE_AUTORELEASING = YES;
				CLANG_WARN_BOOL_CONVERSION = YES;
				CLANG_WARN_COMMA = YES;
				CLANG_WARN_CONSTANT_CONVERSION = YES;
				CLANG_WARN_DEPRECATED_OBJC_IMPLEMENTATIONS = YES;
				CLANG_WARN_DIRECT_OBJC_ISA_USAGE = YES_ERROR;
				CLANG_WARN_DOCUMENTATION_COMMENTS = YES;
				CLANG_WARN_EMPTY_BODY = YES;
				CLANG_WARN_ENUM_CONVERSION = YES;
				CLANG_WARN_INFINITE_RECURSION = YES;
				CLANG_WARN_INT_CONVERSION = YES;
				CLANG_WARN_NON_LITERAL_NULL_CONVERSION = YES;
				CLANG_WARN_OBJC_IMPLICIT_RETAIN_SELF = YES;
				CLANG_WARN_OBJC_LITERAL_CONVERSION = YES;
				CLANG_WARN_OBJC_ROOT_CLASS = YES_ERROR;
				CLANG_WARN_QUOTED_INCLUDE_IN_FRAMEWORK_HEADER = YES;
				CLANG_WARN_RANGE_LOOP_ANALYSIS = YES;
				CLANG_WARN_STRICT_PROTOTYPES = YES;
				CLANG_WARN_SUSPICIOUS_MOVE = YES;
				CLANG_WARN_UNGUARDED_AVAILABILITY = YES_AGGRESSIVE;
				CLANG_WARN_UNREACHABLE_CODE = YES;
				CLANG_WARN__DUPLICATE_METHOD_MATCH = YES;
				COPY_PHASE_STRIP = NO;
				DEBUG_INFORMATION_FORMAT = "dwarf-with-dsym";
				ENABLE_NS_ASSERTIONS = NO;
				ENABLE_STRICT_OBJC_MSGSEND = YES;
				ENABLE_USER_SCRIPT_SANDBOXING = YES;
				GCC_C_LANGUAGE_STANDARD = gnu17;
				GCC_NO_COMMON_BLOCKS = YES;
				GCC_WARN_64_TO_32_BIT_CONVERSION = YES;
				GCC_WARN_ABOUT_RETURN_TYPE = YES_ERROR;
				GCC_WARN_UNDECLARED_SELECTOR = YES;
				GCC_WARN_UNINITIALIZED_AUTOS = YES_AGGRESSIVE;
				GCC_WARN_UNUSED_FUNCTION = YES;
				GCC_WARN_UNUSED_VARIABLE = YES;
				IPHONEOS_DEPLOYMENT_TARGET = 18.0;
				LOCALIZATION_PREFERS_STRING_CATALOGS = YES;
				MTL_ENABLE_DEBUG_INFO = NO;
				MTL_FAST_MATH = YES;
				SDKROOT = iphoneos;
				SWIFT_COMPILATION_MODE = wholemodule;
				VALIDATE_PRODUCT = YES;
			};
			name = Release;
		};
		4315A4072CF18A1900C68DFA /* Debug */ = {
			isa = XCBuildConfiguration;
			buildSettings = {
				BUNDLE_LOADER = "$(TEST_HOST)";
				CODE_SIGN_STYLE = Automatic;
				CURRENT_PROJECT_VERSION = 1;
				DEVELOPMENT_TEAM = MKPVJ7T45N;
				GENERATE_INFOPLIST_FILE = YES;
				IPHONEOS_DEPLOYMENT_TARGET = 18.0;
				MARKETING_VERSION = 1.0;
				PRODUCT_BUNDLE_IDENTIFIER = "com.example.-210992175-test2Tests";
				PRODUCT_NAME = "$(TARGET_NAME)";
				SWIFT_EMIT_LOC_STRINGS = NO;
				SWIFT_VERSION = 5.0;
				TARGETED_DEVICE_FAMILY = "1,2";
				TEST_HOST = "$(BUILT_PRODUCTS_DIR)/2210992175_test2.app/$(BUNDLE_EXECUTABLE_FOLDER_PATH)/2210992175_test2";
			};
			name = Debug;
		};
		4315A4082CF18A1900C68DFA /* Release */ = {
			isa = XCBuildConfiguration;
			buildSettings = {
				BUNDLE_LOADER = "$(TEST_HOST)";
				CODE_SIGN_STYLE = Automatic;
				CURRENT_PROJECT_VERSION = 1;
				DEVELOPMENT_TEAM = MKPVJ7T45N;
				GENERATE_INFOPLIST_FILE = YES;
				IPHONEOS_DEPLOYMENT_TARGET = 18.0;
				MARKETING_VERSION = 1.0;
				PRODUCT_BUNDLE_IDENTIFIER = "com.example.-210992175-test2Tests";
				PRODUCT_NAME = "$(TARGET_NAME)";
				SWIFT_EMIT_LOC_STRINGS = NO;
				SWIFT_VERSION = 5.0;
				TARGETED_DEVICE_FAMILY = "1,2";
				TEST_HOST = "$(BUILT_PRODUCTS_DIR)/2210992175_test2.app/$(BUNDLE_EXECUTABLE_FOLDER_PATH)/2210992175_test2";
			};
			name = Release;
		};
		4315A40A2CF18A1900C68DFA /* Debug */ = {
			isa = XCBuildConfiguration;
			buildSettings = {
				CODE_SIGN_STYLE = Automatic;
				CURRENT_PROJECT_VERSION = 1;
				DEVELOPMENT_TEAM = MKPVJ7T45N;
				GENERATE_INFOPLIST_FILE = YES;
				MARKETING_VERSION = 1.0;
				PRODUCT_BUNDLE_IDENTIFIER = "com.example.-210992175-test2UITests";
				PRODUCT_NAME = "$(TARGET_NAME)";
				SWIFT_EMIT_LOC_STRINGS = NO;
				SWIFT_VERSION = 5.0;
				TARGETED_DEVICE_FAMILY = "1,2";
				TEST_TARGET_NAME = 2210992175_test2;
			};
			name = Debug;
		};
		4315A40B2CF18A1900C68DFA /* Release */ = {
			isa = XCBuildConfiguration;
			buildSettings = {
				CODE_SIGN_STYLE = Automatic;
				CURRENT_PROJECT_VERSION = 1;
				DEVELOPMENT_TEAM = MKPVJ7T45N;
				GENERATE_INFOPLIST_FILE = YES;
				MARKETING_VERSION = 1.0;
				PRODUCT_BUNDLE_IDENTIFIER = "com.example.-210992175-test2UITests";
				PRODUCT_NAME = "$(TARGET_NAME)";
				SWIFT_EMIT_LOC_STRINGS = NO;
				SWIFT_VERSION = 5.0;
				TARGETED_DEVICE_FAMILY = "1,2";
				TEST_TARGET_NAME = 2210992175_test2;
			};
			name = Release;
		};
/* End XCBuildConfiguration section */

/* Begin XCConfigurationList section */
		4315A3D32CF18A1800C68DFA /* Build configuration list for PBXProject "2210992175_test2" */ = {
			isa = XCConfigurationList;
			buildConfigurations = (
				4315A4042CF18A1900C68DFA /* Debug */,
				4315A4052CF18A1900C68DFA /* Release */,
			);
			defaultConfigurationIsVisible = 0;
			defaultConfigurationName = Release;
		};
		4315A4012CF18A1900C68DFA /* Build configuration list for PBXNativeTarget "2210992175_test2" */ = {
			isa = XCConfigurationList;
			buildConfigurations = (
				4315A4022CF18A1900C68DFA /* Debug */,
				4315A4032CF18A1900C68DFA /* Release */,
			);
			defaultConfigurationIsVisible = 0;
			defaultConfigurationName = Release;
		};
		4315A4062CF18A1900C68DFA /* Build configuration list for PBXNativeTarget "2210992175_test2Tests" */ = {
			isa = XCConfigurationList;
			buildConfigurations = (
				4315A4072CF18A1900C68DFA /* Debug */,
				4315A4082CF18A1900C68DFA /* Release */,
			);
			defaultConfigurationIsVisible = 0;
			defaultConfigurationName = Release;
		};
		4315A4092CF18A1900C68DFA /* Build configuration list for PBXNativeTarget "2210992175_test2UITests" */ = {
			isa = XCConfigurationList;
			buildConfigurations = (
				4315A40A2CF18A1900C68DFA /* Debug */,
				4315A40B2CF18A1900C68DFA /* Release */,
			);
			defaultConfigurationIsVisible = 0;
			defaultConfigurationName = Release;
		};
/* End XCConfigurationList section */
	};
	rootObject = 4315A3D02CF18A1800C68DFA /* Project object */;
}
